
Microsoft Visual Studio Solution File, Format Version 12.00
# Visual Studio Version 17
VisualStudioVersion = 17.4.33205.214
MinimumVisualStudioVersion = 10.0.40219.1
Project("{FAE04EC0-301F-11D3-BF4B-00C04F79EFBC}") = "Functions", "Functions\Functions.csproj", "{C7F1694F-7825-47A7-B20F-797A0C6A14C2}"
EndProject
Project("{FAE04EC0-301F-11D3-BF4B-00C04F79EFBC}") = "ArgumentsAndParameters", "ArgumentsAndParameters\ArgumentsAndParameters.csproj", "{3FE4044A-1EAB-41E9-B036-30EF11F50CA5}"
EndProject
Project("{FAE04EC0-301F-11D3-BF4B-00C04F79EFBC}") = "Calculator", "Calculator\Calculator.csproj", "{F0469BDF-058A-49C0-A3BC-71EE7144805D}"
EndProject
Project("{FAE04EC0-301F-11D3-BF4B-00C04F79EFBC}") = "DiscountCalculator", "DiscountCalculator\DiscountCalculator.csproj", "{AFDCA6E8-D4AE-4594-B118-E300028E2E80}"
EndProject
Global
	GlobalSection(SolutionConfigurationPlatforms) = preSolution
		Debug|Any CPU = Debug|Any CPU
		Release|Any CPU = Release|Any CPU
	EndGlobalSection
	GlobalSection(ProjectConfigurationPlatforms) = postSolution
		{C7F1694F-7825-47A7-B20F-797A0C6A14C2}.Debug|Any CPU.ActiveCfg = Debug|Any CPU
		{C7F1694F-7825-47A7-B20F-797A0C6A14C2}.Debug|Any CPU.Build.0 = Debug|Any CPU
		{C7F1694F-7825-47A7-B20F-797A0C6A14C2}.Release|Any CPU.ActiveCfg = Release|Any CPU
		{C7F1694F-7825-47A7-B20F-797A0C6A14C2}.Release|Any CPU.Build.0 = Release|Any CPU
		{3FE4044A-1EAB-41E9-B036-30EF11F50CA5}.Debug|Any CPU.ActiveCfg = Debug|Any CPU
		{3FE4044A-1EAB-41E9-B036-30EF11F50CA5}.Debug|Any CPU.Build.0 = Debug|Any CPU
		{3FE4044A-1EAB-41E9-B036-30EF11F50CA5}.Release|Any CPU.ActiveCfg = Release|Any CPU
		{3FE4044A-1EAB-41E9-B036-30EF11F50CA5}.Release|Any CPU.Build.0 = Release|Any CPU
		{F0469BDF-058A-49C0-A3BC-71EE7144805D}.Debug|Any CPU.ActiveCfg = Debug|Any CPU
		{F0469BDF-058A-49C0-A3BC-71EE7144805D}.Debug|Any CPU.Build.0 = Debug|Any CPU
		{F0469BDF-058A-49C0-A3BC-71EE7144805D}.Release|Any CPU.ActiveCfg = Release|Any CPU
		{F0469BDF-058A-49C0-A3BC-71EE7144805D}.Release|Any CPU.Build.0 = Release|Any CPU
		{AFDCA6E8-D4AE-4594-B118-E300028E2E80}.Debug|Any CPU.ActiveCfg = Debug|Any CPU
		{AFDCA6E8-D4AE-4594-B118-E300028E2E80}.Debug|Any CPU.Build.0 = Debug|Any CPU
		{AFDCA6E8-D4AE-4594-B118-E300028E2E80}.Release|Any CPU.ActiveCfg = Release|Any CPU
		{AFDCA6E8-D4AE-4594-B118-E300028E2E80}.Release|Any CPU.Build.0 = Release|Any CPU
	EndGlobalSection
	GlobalSection(SolutionProperties) = preSolution
		HideSolutionNode = FALSE
	EndGlobalSection
	GlobalSection(ExtensibilityGlobals) = postSolution
		SolutionGuid = {A9A335E3-3030-4C5F-A1D6-551534071E19}
	EndGlobalSection
EndGlobal
